
Microsoft Visual Studio Solution File, Format Version 12.00
# Visual Studio Version 16
VisualStudioVersion = 16.0.29418.71
MinimumVisualStudioVersion = 10.0.40219.1
Project("{FAE04EC0-301F-11D3-BF4B-00C04F79EFBC}") = "StudyTogether.API", "StudyTogether.API.csproj", "{7FAC93A7-871E-44D5-B2A0-3B9C1CBAA0FC}"
EndProject
Global
	GlobalSection(SolutionConfigurationPlatforms) = preSolution
		Debug|Any CPU = Debug|Any CPU
		Release|Any CPU = Release|Any CPU
	EndGlobalSection
	GlobalSection(ProjectConfigurationPlatforms) = postSolution
		{7FAC93A7-871E-44D5-B2A0-3B9C1CBAA0FC}.Debug|Any CPU.ActiveCfg = Debug|Any CPU
		{7FAC93A7-871E-44D5-B2A0-3B9C1CBAA0FC}.Debug|Any CPU.Build.0 = Debug|Any CPU
		{7FAC93A7-871E-44D5-B2A0-3B9C1CBAA0FC}.Release|Any CPU.ActiveCfg = Release|Any CPU
		{7FAC93A7-871E-44D5-B2A0-3B9C1CBAA0FC}.Release|Any CPU.Build.0 = Release|Any CPU
	EndGlobalSection
	GlobalSection(SolutionProperties) = preSolution
		HideSolutionNode = FALSE
	EndGlobalSection
	GlobalSection(ExtensibilityGlobals) = postSolution
		SolutionGuid = {729FF5AD-87C1-44D6-B540-E9A07ABA911F}
	EndGlobalSection
EndGlobal
